
Microsoft Visual Studio Solution File, Format Version 12.00
# Visual Studio 15
VisualStudioVersion = 15.0.28307.106
MinimumVisualStudioVersion = 10.0.40219.1
Project("{9A19103F-16F7-4668-BE54-9A1E7A4F7556}") = "ComicVoid", "ComicBurst\ComicVoid.csproj", "{261C2531-3F29-4A6A-9927-B829C0CC9B46}"
EndProject
Global
	GlobalSection(SolutionConfigurationPlatforms) = preSolution
		Debug|Any CPU = Debug|Any CPU
		Release|Any CPU = Release|Any CPU
	EndGlobalSection
	GlobalSection(ProjectConfigurationPlatforms) = postSolution
		{261C2531-3F29-4A6A-9927-B829C0CC9B46}.Debug|Any CPU.ActiveCfg = Debug|Any CPU
		{261C2531-3F29-4A6A-9927-B829C0CC9B46}.Debug|Any CPU.Build.0 = Debug|Any CPU
		{261C2531-3F29-4A6A-9927-B829C0CC9B46}.Release|Any CPU.ActiveCfg = Release|Any CPU
		{261C2531-3F29-4A6A-9927-B829C0CC9B46}.Release|Any CPU.Build.0 = Release|Any CPU
	EndGlobalSection
	GlobalSection(SolutionProperties) = preSolution
		HideSolutionNode = FALSE
	EndGlobalSection
	GlobalSection(ExtensibilityGlobals) = postSolution
		SolutionGuid = {E1D0A81F-0385-453A-89A2-115E310B54FB}
	EndGlobalSection
EndGlobal
